
Microsoft Visual Studio Solution File, Format Version 12.00
# Visual Studio 15
Project("{FAE04EC0-301F-11D3-BF4B-00C04F79EFBC}") = "Assembly-CSharp", "Assembly-CSharp.csproj", "{7091A6BB-D0BE-6465-6A75-19948A8B9B3C}"
EndProject
Global
	GlobalSection(SolutionConfigurationPlatforms) = preSolution
		Debug|Any CPU = Debug|Any CPU
		Release|Any CPU = Release|Any CPU
	EndGlobalSection
	GlobalSection(ProjectConfigurationPlatforms) = postSolution
		{7091A6BB-D0BE-6465-6A75-19948A8B9B3C}.Debug|Any CPU.ActiveCfg = Debug|Any CPU
		{7091A6BB-D0BE-6465-6A75-19948A8B9B3C}.Debug|Any CPU.Build.0 = Debug|Any CPU
		{7091A6BB-D0BE-6465-6A75-19948A8B9B3C}.Release|Any CPU.ActiveCfg = Release|Any CPU
		{7091A6BB-D0BE-6465-6A75-19948A8B9B3C}.Release|Any CPU.Build.0 = Release|Any CPU
	EndGlobalSection
	GlobalSection(SolutionProperties) = preSolution
		HideSolutionNode = FALSE
	EndGlobalSection
EndGlobal
